
Microsoft Visual Studio Solution File, Format Version 12.00
# Visual Studio 15
VisualStudioVersion = 15.0.27703.2018
MinimumVisualStudioVersion = 10.0.40219.1
Project("{FAE04EC0-301F-11D3-BF4B-00C04F79EFBC}") = "LogScraper", "LogScraper.csproj", "{5E57AA2D-D068-4442-8CB2-8FEF39520EEB}"
EndProject
Global
	GlobalSection(SolutionConfigurationPlatforms) = preSolution
		Debug|Any CPU = Debug|Any CPU
		Release|Any CPU = Release|Any CPU
	EndGlobalSection
	GlobalSection(ProjectConfigurationPlatforms) = postSolution
		{5E57AA2D-D068-4442-8CB2-8FEF39520EEB}.Debug|Any CPU.ActiveCfg = Debug|Any CPU
		{5E57AA2D-D068-4442-8CB2-8FEF39520EEB}.Debug|Any CPU.Build.0 = Debug|Any CPU
		{5E57AA2D-D068-4442-8CB2-8FEF39520EEB}.Release|Any CPU.ActiveCfg = Release|Any CPU
		{5E57AA2D-D068-4442-8CB2-8FEF39520EEB}.Release|Any CPU.Build.0 = Release|Any CPU
	EndGlobalSection
	GlobalSection(SolutionProperties) = preSolution
		HideSolutionNode = FALSE
	EndGlobalSection
	GlobalSection(ExtensibilityGlobals) = postSolution
		SolutionGuid = {E67C29E1-AA03-4D23-8B97-82414E26589F}
	EndGlobalSection
EndGlobal
